
Microsoft Visual Studio Solution File, Format Version 12.00
# Visual Studio 15
VisualStudioVersion = 15.0.27130.2010
MinimumVisualStudioVersion = 10.0.40219.1
Project("{8BC9CEB8-8B4A-11D0-8D11-00A0C91BC942}") = "Chest Project", "Chest Project\Chest Project.vcxproj", "{03FFB910-ECEE-4516-AFEB-5E0F654F6086}"
EndProject
Global
	GlobalSection(SolutionConfigurationPlatforms) = preSolution
		Debug|x64 = Debug|x64
		Debug|x86 = Debug|x86
		Release|x64 = Release|x64
		Release|x86 = Release|x86
	EndGlobalSection
	GlobalSection(ProjectConfigurationPlatforms) = postSolution
		{03FFB910-ECEE-4516-AFEB-5E0F654F6086}.Debug|x64.ActiveCfg = Debug|x64
		{03FFB910-ECEE-4516-AFEB-5E0F654F6086}.Debug|x64.Build.0 = Debug|x64
		{03FFB910-ECEE-4516-AFEB-5E0F654F6086}.Debug|x86.ActiveCfg = Debug|Win32
		{03FFB910-ECEE-4516-AFEB-5E0F654F6086}.Debug|x86.Build.0 = Debug|Win32
		{03FFB910-ECEE-4516-AFEB-5E0F654F6086}.Release|x64.ActiveCfg = Release|x64
		{03FFB910-ECEE-4516-AFEB-5E0F654F6086}.Release|x64.Build.0 = Release|x64
		{03FFB910-ECEE-4516-AFEB-5E0F654F6086}.Release|x86.ActiveCfg = Release|Win32
		{03FFB910-ECEE-4516-AFEB-5E0F654F6086}.Release|x86.Build.0 = Release|Win32
	EndGlobalSection
	GlobalSection(SolutionProperties) = preSolution
		HideSolutionNode = FALSE
	EndGlobalSection
	GlobalSection(ExtensibilityGlobals) = postSolution
		SolutionGuid = {89F59CB0-AE3F-4C37-A9C9-A61A1C03C54A}
	EndGlobalSection
EndGlobal
